// !$*UTF8*$!
{
	archiveVersion = 1;
	classes = {
	};
	objectVersion = 46;
	objects = {

/* Begin PBXBuildFile section */
		AB10357113669BE900216FE5 /* UIKit.framework in Frameworks */ = {isa = PBXBuildFile; fileRef = AB10357013669BE900216FE5 /* UIKit.framework */; };
		AB10357313669BE900216FE5 /* Foundation.framework in Frameworks */ = {isa = PBXBuildFile; fileRef = AB10357213669BE900216FE5 /* Foundation.framework */; };
		AB10357513669BE900216FE5 /* CoreGraphics.framework in Frameworks */ = {isa = PBXBuildFile; fileRef = AB10357413669BE900216FE5 /* CoreGraphics.framework */; };
		AB10357B13669BE900216FE5 /* InfoPlist.strings in Resources */ = {isa = PBXBuildFile; fileRef = AB10357913669BE900216FE5 /* InfoPlist.strings */; };
		AB10357E13669BE900216FE5 /* main.m in Sources */ = {isa = PBXBuildFile; fileRef = AB10357D13669BE900216FE5 /* main.m */; };
		AB10358113669BE900216FE5 /* DCControlsAppDelegate.m in Sources */ = {isa = PBXBuildFile; fileRef = AB10358013669BE900216FE5 /* DCControlsAppDelegate.m */; };
		AB10358413669BE900216FE5 /* MainWindow.xib in Resources */ = {isa = PBXBuildFile; fileRef = AB10358213669BE900216FE5 /* MainWindow.xib */; };
/* End PBXBuildFile section */

/* Begin PBXFileReference section */
		AB10356C13669BE900216FE5 /* DCControls.app */ = {isa = PBXFileReference; explicitFileType = wrapper.application; includeInIndex = 0; path = DCControls.app; sourceTree = BUILT_PRODUCTS_DIR; };
		AB10357013669BE900216FE5 /* UIKit.framework */ = {isa = PBXFileReference; lastKnownFileType = wrapper.framework; name = UIKit.framework; path = System/Library/Frameworks/UIKit.framework; sourceTree = SDKROOT; };
		AB10357213669BE900216FE5 /* Foundation.framework */ = {isa = PBXFileReference; lastKnownFileType = wrapper.framework; name = Foundation.framework; path = System/Library/Frameworks/Foundation.framework; sourceTree = SDKROOT; };
		AB10357413669BE900216FE5 /* CoreGraphics.framework */ = {isa = PBXFileReference; lastKnownFileType = wrapper.framework; name = CoreGraphics.framework; path = System/Library/Frameworks/CoreGraphics.framework; sourceTree = SDKROOT; };
		AB10357813669BE900216FE5 /* DCControls-Info.plist */ = {isa = PBXFileReference; path = "DCControls-Info.plist"; sourceTree = "<group>"; };
		AB10357A13669BE900216FE5 /* en */ = {isa = PBXFileReference; lastKnownFileType = text.plist.strings; name = en; path = en.lproj/InfoPlist.strings; sourceTree = "<group>"; };
		AB10357C13669BE900216FE5 /* DCControls-Prefix.pch */ = {isa = PBXFileReference; path = "DCControls-Prefix.pch"; sourceTree = "<group>"; };
		AB10357D13669BE900216FE5 /* main.m */ = {isa = PBXFileReference; lastKnownFileType = sourcecode.c.objc; path = main.m; sourceTree = "<group>"; };
		AB10357F13669BE900216FE5 /* DCControlsAppDelegate.h */ = {isa = PBXFileReference; path = DCControlsAppDelegate.h; sourceTree = "<group>"; };
		AB10358013669BE900216FE5 /* DCControlsAppDelegate.m */ = {isa = PBXFileReference; lastKnownFileType = sourcecode.c.objc; path = DCControlsAppDelegate.m; sourceTree = "<group>"; };
		AB10358313669BE900216FE5 /* en */ = {isa = PBXFileReference; lastKnownFileType = file.xib; name = en; path = en.lproj/MainWindow.xib; sourceTree = "<group>"; };
/* End PBXFileReference section */

/* Begin PBXFrameworksBuildPhase section */
		AB10356913669BE900216FE5 /* Frameworks */ = {
			isa = PBXFrameworksBuildPhase;
			buildActionMask = 2147483647;
			files = (
				AB10357113669BE900216FE5 /* UIKit.framework in Frameworks */,
				AB10357313669BE900216FE5 /* Foundation.framework in Frameworks */,
				AB10357513669BE900216FE5 /* CoreGraphics.framework in Frameworks */,
			);
			runOnlyForDeploymentPostprocessing = 0;
		};
/* End PBXFrameworksBuildPhase section */

/* Begin PBXGroup section */
		AB10356113669BE900216FE5 = {
			isa = PBXGroup;
			children = (
				AB10357613669BE900216FE5 /* DCControls */,
				AB10356F13669BE900216FE5 /* Frameworks */,
				AB10356D13669BE900216FE5 /* Products */,
			);
			sourceTree = "<group>";
		};
		AB10356D13669BE900216FE5 /* Products */ = {
			isa = PBXGroup;
			children = (
				AB10356C13669BE900216FE5 /* DCControls.app */,
			);
			name = Products;
			sourceTree = "<group>";
		};
		AB10356F13669BE900216FE5 /* Frameworks */ = {
			isa = PBXGroup;
			children = (
				AB10357013669BE900216FE5 /* UIKit.framework */,
				AB10357213669BE900216FE5 /* Foundation.framework */,
				AB10357413669BE900216FE5 /* CoreGraphics.framework */,
			);
			name = Frameworks;
			sourceTree = "<group>";
		};
		AB10357613669BE900216FE5 /* DCControls */ = {
			isa = PBXGroup;
			children = (
				AB10357F13669BE900216FE5 /* DCControlsAppDelegate.h */,
				AB10358013669BE900216FE5 /* DCControlsAppDelegate.m */,
				AB10358213669BE900216FE5 /* MainWindow.xib */,
				AB10357713669BE900216FE5 /* Supporting Files */,
			);
			path = DCControls;
			sourceTree = "<group>";
		};
		AB10357713669BE900216FE5 /* Supporting Files */ = {
			isa = PBXGroup;
			children = (
				AB10357813669BE900216FE5 /* DCControls-Info.plist */,
				AB10357913669BE900216FE5 /* InfoPlist.strings */,
				AB10357C13669BE900216FE5 /* DCControls-Prefix.pch */,
				AB10357D13669BE900216FE5 /* main.m */,
			);
			name = "Supporting Files";
			sourceTree = "<group>";
		};
/* End PBXGroup section */

/* Begin PBXNativeTarget section */
		AB10356B13669BE900216FE5 /* DCControls */ = {
			isa = PBXNativeTarget;
			buildConfigurationList = AB10358713669BE900216FE5 /* Build configuration list for PBXNativeTarget "DCControls" */;
			buildPhases = (
				AB10356813669BE900216FE5 /* Sources */,
				AB10356913669BE900216FE5 /* Frameworks */,
				AB10356A13669BE900216FE5 /* Resources */,
			);
			buildRules = (
			);
			dependencies = (
			);
			name = DCControls;
			productName = DCControls;
			productReference = AB10356C13669BE900216FE5 /* DCControls.app */;
			productType = "com.apple.product-type.application";
		};
/* End PBXNativeTarget section */

/* Begin PBXProject section */
		AB10356313669BE900216FE5 /* Project object */ = {
			isa = PBXProject;
			buildConfigurationList = AB10356613669BE900216FE5 /* Build configuration list for PBXProject "DCControls" */;
			compatibilityVersion = "Xcode 3.2";
			developmentRegion = English;
			hasScannedForEncodings = 0;
			knownRegions = (
				en,
			);
			mainGroup = AB10356113669BE900216FE5;
			productRefGroup = AB10356D13669BE900216FE5 /* Products */;
			projectDirPath = "";
			projectRoot = "";
			targets = (
				AB10356B13669BE900216FE5 /* DCControls */,
			);
		};
/* End PBXProject section */

/* Begin PBXResourcesBuildPhase section */
		AB10356A13669BE900216FE5 /* Resources */ = {
			isa = PBXResourcesBuildPhase;
			buildActionMask = 2147483647;
			files = (
				AB10357B13669BE900216FE5 /* InfoPlist.strings in Resources */,
				AB10358413669BE900216FE5 /* MainWindow.xib in Resources */,
			);
			runOnlyForDeploymentPostprocessing = 0;
		};
/* End PBXResourcesBuildPhase section */

/* Begin PBXSourcesBuildPhase section */
		AB10356813669BE900216FE5 /* Sources */ = {
			isa = PBXSourcesBuildPhase;
			buildActionMask = 2147483647;
			files = (
				AB10357E13669BE900216FE5 /* main.m in Sources */,
				AB10358113669BE900216FE5 /* DCControlsAppDelegate.m in Sources */,
			);
			runOnlyForDeploymentPostprocessing = 0;
		};
/* End PBXSourcesBuildPhase section */

/* Begin PBXVariantGroup section */
		AB10357913669BE900216FE5 /* InfoPlist.strings */ = {
			isa = PBXVariantGroup;
			children = (
				AB10357A13669BE900216FE5 /* en */,
			);
			name = InfoPlist.strings;
			sourceTree = "<group>";
		};
		AB10358213669BE900216FE5 /* MainWindow.xib */ = {
			isa = PBXVariantGroup;
			children = (
				AB10358313669BE900216FE5 /* en */,
			);
			name = MainWindow.xib;
			sourceTree = "<group>";
		};
/* End PBXVariantGroup section */

/* Begin XCBuildConfiguration section */
		AB10358513669BE900216FE5 /* Debug */ = {
			isa = XCBuildConfiguration;
			buildSettings = {
				ARCHS = "$(ARCHS_STANDARD_32_BIT)";
				"CODE_SIGN_IDENTITY[sdk=iphoneos*]" = "iPhone Developer";
				GCC_C_LANGUAGE_STANDARD = gnu99;
				GCC_OPTIMIZATION_LEVEL = 0;
				GCC_PREPROCESSOR_DEFINITIONS = DEBUG;
				GCC_SYMBOLS_PRIVATE_EXTERN = NO;
				GCC_VERSION = com.apple.compilers.llvmgcc42;
				GCC_WARN_ABOUT_RETURN_TYPE = YES;
				GCC_WARN_UNUSED_VARIABLE = YES;
				IPHONEOS_DEPLOYMENT_TARGET = 4.3;
				SDKROOT = iphoneos;
			};
			name = Debug;
		};
		AB10358613669BE900216FE5 /* Release */ = {
			isa = XCBuildConfiguration;
			buildSettings = {
				ARCHS = "$(ARCHS_STANDARD_32_BIT)";
				"CODE_SIGN_IDENTITY[sdk=iphoneos*]" = "iPhone Developer";
				GCC_C_LANGUAGE_STANDARD = gnu99;
				GCC_VERSION = com.apple.compilers.llvmgcc42;
				GCC_WARN_ABOUT_RETURN_TYPE = YES;
				GCC_WARN_UNUSED_VARIABLE = YES;
				IPHONEOS_DEPLOYMENT_TARGET = 4.3;
				OTHER_CFLAGS = "-DNS_BLOCK_ASSERTIONS=1";
				SDKROOT = iphoneos;
			};
			name = Release;
		};
		AB10358813669BE900216FE5 /* Debug */ = {
			isa = XCBuildConfiguration;
			buildSettings = {
				ALWAYS_SEARCH_USER_PATHS = NO;
				COPY_PHASE_STRIP = NO;
				GCC_DYNAMIC_NO_PIC = NO;
				GCC_PRECOMPILE_PREFIX_HEADER = YES;
				GCC_PREFIX_HEADER = "DCControls/DCControls-Prefix.pch";
				INFOPLIST_FILE = "DCControls/DCControls-Info.plist";
				PRODUCT_NAME = "$(TARGET_NAME)";
				WRAPPER_EXTENSION = app;
			};
			name = Debug;
		};
		AB10358913669BE900216FE5 /* Release */ = {
			isa = XCBuildConfiguration;
			buildSettings = {
				ALWAYS_SEARCH_USER_PATHS = NO;
				COPY_PHASE_STRIP = YES;
				GCC_PRECOMPILE_PREFIX_HEADER = YES;
				GCC_PREFIX_HEADER = "DCControls/DCControls-Prefix.pch";
				INFOPLIST_FILE = "DCControls/DCControls-Info.plist";
				PRODUCT_NAME = "$(TARGET_NAME)";
				VALIDATE_PRODUCT = YES;
				WRAPPER_EXTENSION = app;
			};
			name = Release;
		};
/* End XCBuildConfiguration section */

/* Begin XCConfigurationList section */
		AB10356613669BE900216FE5 /* Build configuration list for PBXProject "DCControls" */ = {
			isa = XCConfigurationList;
			buildConfigurations = (
				AB10358513669BE900216FE5 /* Debug */,
				AB10358613669BE900216FE5 /* Release */,
			);
			defaultConfigurationIsVisible = 0;
			defaultConfigurationName = Release;
		};
		AB10358713669BE900216FE5 /* Build configuration list for PBXNativeTarget "DCControls" */ = {
			isa = XCConfigurationList;
			buildConfigurations = (
				AB10358813669BE900216FE5 /* Debug */,
				AB10358913669BE900216FE5 /* Release */,
			);
			defaultConfigurationIsVisible = 0;
		};
/* End XCConfigurationList section */
	};
	rootObject = AB10356313669BE900216FE5 /* Project object */;
}
