// !$*UTF8*$!
{
	archiveVersion = 1;
	classes = {
	};
	objectVersion = 46;
	objects = {

/* Begin PBXBuildFile section */
		AB10357113669BE900216FE5 /* UIKit.framework in Frameworks */ = {isa = PBXBuildFile; fileRef = AB10357013669BE900216FE5 /* UIKit.framework */; };
		AB10357313669BE900216FE5 /* Foundation.framework in Frameworks */ = {isa = PBXBuildFile; fileRef = AB10357213669BE900216FE5 /* Foundation.framework */; };
		AB10357513669BE900216FE5 /* CoreGraphics.framework in Frameworks */ = {isa = PBXBuildFile; fileRef = AB10357413669BE900216FE5 /* CoreGraphics.framework */; };
		AB10357B13669BE900216FE5 /* InfoPlist.strings in Resources */ = {isa = PBXBuildFile; fileRef = AB10357913669BE900216FE5 /* InfoPlist.strings */; };
		AB10357E13669BE900216FE5 /* main.m in Sources */ = {isa = PBXBuildFile; fileRef = AB10357D13669BE900216FE5 /* main.m */; };
		AB10358C13669C0100216FE5 /* DCControlsAppDelegate.m in Sources */ = {isa = PBXBuildFile; fileRef = AB10358B13669C0100216FE5 /* DCControlsAppDelegate.m */; };
		AB10358E13669C0C00216FE5 /* MainWindow.xib in Resources */ = {isa = PBXBuildFile; fileRef = AB10358D13669C0C00216FE5 /* MainWindow.xib */; };
		AB10359D13669C1A00216FE5 /* DCKnobDemoViewController.m in Sources */ = {isa = PBXBuildFile; fileRef = AB10359413669C1A00216FE5 /* DCKnobDemoViewController.m */; };
		AB10359F13669C1A00216FE5 /* DCSliderDemoViewController.m in Sources */ = {isa = PBXBuildFile; fileRef = AB10359813669C1A00216FE5 /* DCSliderDemoViewController.m */; };
		AB1035A013669C1A00216FE5 /* DCSliderDemoViewController.xib in Resources */ = {isa = PBXBuildFile; fileRef = AB10359913669C1A00216FE5 /* DCSliderDemoViewController.xib */; };
		AB1035A113669C1A00216FE5 /* DCKnobDemoViewController.xib in Resources */ = {isa = PBXBuildFile; fileRef = AB10359A13669C1A00216FE5 /* DCKnobDemoViewController.xib */; };
		AB1035B01366B14D00216FE5 /* DCControl.m in Sources */ = {isa = PBXBuildFile; fileRef = AB1035AF1366B14D00216FE5 /* DCControl.m */; };
		AB1035B51366B15700216FE5 /* DCKnob.m in Sources */ = {isa = PBXBuildFile; fileRef = AB1035B21366B15700216FE5 /* DCKnob.m */; };
		AB1035B61366B15700216FE5 /* DCSlider.m in Sources */ = {isa = PBXBuildFile; fileRef = AB1035B41366B15700216FE5 /* DCSlider.m */; };
		ABDA50B6136FE07C00339835 /* DCCrossHairView.m in Sources */ = {isa = PBXBuildFile; fileRef = ABDA50AC136FE07C00339835 /* DCCrossHairView.m */; };
		ABDA50B7136FE07C00339835 /* DCFrameView.m in Sources */ = {isa = PBXBuildFile; fileRef = ABDA50AE136FE07C00339835 /* DCFrameView.m */; };
		ABDA50B8136FE07C00339835 /* DCIntrospect.m in Sources */ = {isa = PBXBuildFile; fileRef = ABDA50B0136FE07C00339835 /* DCIntrospect.m */; };
		ABDA50B9136FE07C00339835 /* DCStatusBarOverlay.m in Sources */ = {isa = PBXBuildFile; fileRef = ABDA50B3136FE07C00339835 /* DCStatusBarOverlay.m */; };
		ABDA50BA136FE07C00339835 /* DCUIViewSwizzle.m in Sources */ = {isa = PBXBuildFile; fileRef = ABDA50B5136FE07C00339835 /* DCUIViewSwizzle.m */; };
/* End PBXBuildFile section */

/* Begin PBXFileReference section */
		AB10356C13669BE900216FE5 /* DCControls.app */ = {isa = PBXFileReference; explicitFileType = wrapper.application; includeInIndex = 0; path = DCControls.app; sourceTree = BUILT_PRODUCTS_DIR; };
		AB10357013669BE900216FE5 /* UIKit.framework */ = {isa = PBXFileReference; lastKnownFileType = wrapper.framework; name = UIKit.framework; path = System/Library/Frameworks/UIKit.framework; sourceTree = SDKROOT; };
		AB10357213669BE900216FE5 /* Foundation.framework */ = {isa = PBXFileReference; lastKnownFileType = wrapper.framework; name = Foundation.framework; path = System/Library/Frameworks/Foundation.framework; sourceTree = SDKROOT; };
		AB10357413669BE900216FE5 /* CoreGraphics.framework */ = {isa = PBXFileReference; lastKnownFileType = wrapper.framework; name = CoreGraphics.framework; path = System/Library/Frameworks/CoreGraphics.framework; sourceTree = SDKROOT; };
		AB10357813669BE900216FE5 /* DCControls-Info.plist */ = {isa = PBXFileReference; lastKnownFileType = text.plist.xml; path = "DCControls-Info.plist"; sourceTree = "<group>"; };
		AB10357A13669BE900216FE5 /* en */ = {isa = PBXFileReference; lastKnownFileType = text.plist.strings; name = en; path = en.lproj/InfoPlist.strings; sourceTree = "<group>"; };
		AB10357C13669BE900216FE5 /* DCControls-Prefix.pch */ = {isa = PBXFileReference; lastKnownFileType = sourcecode.c.h; path = "DCControls-Prefix.pch"; sourceTree = "<group>"; };
		AB10357D13669BE900216FE5 /* main.m */ = {isa = PBXFileReference; lastKnownFileType = sourcecode.c.objc; path = main.m; sourceTree = "<group>"; };
		AB10358A13669C0100216FE5 /* DCControlsAppDelegate.h */ = {isa = PBXFileReference; fileEncoding = 4; lastKnownFileType = sourcecode.c.h; name = DCControlsAppDelegate.h; path = DCControls/DCControlsAppDelegate.h; sourceTree = "<group>"; };
		AB10358B13669C0100216FE5 /* DCControlsAppDelegate.m */ = {isa = PBXFileReference; fileEncoding = 4; lastKnownFileType = sourcecode.c.objc; name = DCControlsAppDelegate.m; path = DCControls/DCControlsAppDelegate.m; sourceTree = "<group>"; };
		AB10358D13669C0C00216FE5 /* MainWindow.xib */ = {isa = PBXFileReference; fileEncoding = 4; lastKnownFileType = file.xib; name = MainWindow.xib; path = DCControls/MainWindow.xib; sourceTree = "<group>"; };
		AB10359313669C1A00216FE5 /* DCKnobDemoViewController.h */ = {isa = PBXFileReference; fileEncoding = 4; lastKnownFileType = sourcecode.c.h; name = DCKnobDemoViewController.h; path = DCControls/DCKnobDemoViewController.h; sourceTree = "<group>"; };
		AB10359413669C1A00216FE5 /* DCKnobDemoViewController.m */ = {isa = PBXFileReference; fileEncoding = 4; lastKnownFileType = sourcecode.c.objc; name = DCKnobDemoViewController.m; path = DCControls/DCKnobDemoViewController.m; sourceTree = "<group>"; };
		AB10359713669C1A00216FE5 /* DCSliderDemoViewController.h */ = {isa = PBXFileReference; fileEncoding = 4; lastKnownFileType = sourcecode.c.h; name = DCSliderDemoViewController.h; path = DCControls/DCSliderDemoViewController.h; sourceTree = "<group>"; };
		AB10359813669C1A00216FE5 /* DCSliderDemoViewController.m */ = {isa = PBXFileReference; fileEncoding = 4; lastKnownFileType = sourcecode.c.objc; name = DCSliderDemoViewController.m; path = DCControls/DCSliderDemoViewController.m; sourceTree = "<group>"; };
		AB10359913669C1A00216FE5 /* DCSliderDemoViewController.xib */ = {isa = PBXFileReference; fileEncoding = 4; lastKnownFileType = file.xib; name = DCSliderDemoViewController.xib; path = DCControls/DCSliderDemoViewController.xib; sourceTree = "<group>"; };
		AB10359A13669C1A00216FE5 /* DCKnobDemoViewController.xib */ = {isa = PBXFileReference; fileEncoding = 4; lastKnownFileType = file.xib; name = DCKnobDemoViewController.xib; path = DCControls/DCKnobDemoViewController.xib; sourceTree = "<group>"; };
		AB1035AE1366B14D00216FE5 /* DCControl.h */ = {isa = PBXFileReference; fileEncoding = 4; lastKnownFileType = sourcecode.c.h; path = DCControl.h; sourceTree = "<group>"; };
		AB1035AF1366B14D00216FE5 /* DCControl.m */ = {isa = PBXFileReference; fileEncoding = 4; lastKnownFileType = sourcecode.c.objc; path = DCControl.m; sourceTree = "<group>"; };
		AB1035B11366B15700216FE5 /* DCKnob.h */ = {isa = PBXFileReference; fileEncoding = 4; lastKnownFileType = sourcecode.c.h; path = DCKnob.h; sourceTree = "<group>"; };
		AB1035B21366B15700216FE5 /* DCKnob.m */ = {isa = PBXFileReference; fileEncoding = 4; lastKnownFileType = sourcecode.c.objc; path = DCKnob.m; sourceTree = "<group>"; };
		AB1035B31366B15700216FE5 /* DCSlider.h */ = {isa = PBXFileReference; fileEncoding = 4; lastKnownFileType = sourcecode.c.h; path = DCSlider.h; sourceTree = "<group>"; };
		AB1035B41366B15700216FE5 /* DCSlider.m */ = {isa = PBXFileReference; fileEncoding = 4; lastKnownFileType = sourcecode.c.objc; path = DCSlider.m; sourceTree = "<group>"; };
		ABDA50AB136FE07C00339835 /* DCCrossHairView.h */ = {isa = PBXFileReference; fileEncoding = 4; lastKnownFileType = sourcecode.c.h; name = DCCrossHairView.h; path = ../DCIntrospect/DCIntrospect/DCCrossHairView.h; sourceTree = "<group>"; };
		ABDA50AC136FE07C00339835 /* DCCrossHairView.m */ = {isa = PBXFileReference; fileEncoding = 4; lastKnownFileType = sourcecode.c.objc; name = DCCrossHairView.m; path = ../DCIntrospect/DCIntrospect/DCCrossHairView.m; sourceTree = "<group>"; };
		ABDA50AD136FE07C00339835 /* DCFrameView.h */ = {isa = PBXFileReference; fileEncoding = 4; lastKnownFileType = sourcecode.c.h; name = DCFrameView.h; path = ../DCIntrospect/DCIntrospect/DCFrameView.h; sourceTree = "<group>"; };
		ABDA50AE136FE07C00339835 /* DCFrameView.m */ = {isa = PBXFileReference; fileEncoding = 4; lastKnownFileType = sourcecode.c.objc; name = DCFrameView.m; path = ../DCIntrospect/DCIntrospect/DCFrameView.m; sourceTree = "<group>"; };
		ABDA50AF136FE07C00339835 /* DCIntrospect.h */ = {isa = PBXFileReference; fileEncoding = 4; lastKnownFileType = sourcecode.c.h; name = DCIntrospect.h; path = ../DCIntrospect/DCIntrospect/DCIntrospect.h; sourceTree = "<group>"; };
		ABDA50B0136FE07C00339835 /* DCIntrospect.m */ = {isa = PBXFileReference; fileEncoding = 4; lastKnownFileType = sourcecode.c.objc; name = DCIntrospect.m; path = ../DCIntrospect/DCIntrospect/DCIntrospect.m; sourceTree = "<group>"; };
		ABDA50B1136FE07C00339835 /* DCIntrospectDefines.h */ = {isa = PBXFileReference; fileEncoding = 4; lastKnownFileType = sourcecode.c.h; name = DCIntrospectDefines.h; path = ../DCIntrospect/DCIntrospect/DCIntrospectDefines.h; sourceTree = "<group>"; };
		ABDA50B2136FE07C00339835 /* DCStatusBarOverlay.h */ = {isa = PBXFileReference; fileEncoding = 4; lastKnownFileType = sourcecode.c.h; name = DCStatusBarOverlay.h; path = ../DCIntrospect/DCIntrospect/DCStatusBarOverlay.h; sourceTree = "<group>"; };
		ABDA50B3136FE07C00339835 /* DCStatusBarOverlay.m */ = {isa = PBXFileReference; fileEncoding = 4; lastKnownFileType = sourcecode.c.objc; name = DCStatusBarOverlay.m; path = ../DCIntrospect/DCIntrospect/DCStatusBarOverlay.m; sourceTree = "<group>"; };
		ABDA50B4136FE07C00339835 /* DCUIViewSwizzle.h */ = {isa = PBXFileReference; fileEncoding = 4; lastKnownFileType = sourcecode.c.h; name = DCUIViewSwizzle.h; path = ../DCIntrospect/DCIntrospect/DCUIViewSwizzle.h; sourceTree = "<group>"; };
		ABDA50B5136FE07C00339835 /* DCUIViewSwizzle.m */ = {isa = PBXFileReference; fileEncoding = 4; lastKnownFileType = sourcecode.c.objc; name = DCUIViewSwizzle.m; path = ../DCIntrospect/DCIntrospect/DCUIViewSwizzle.m; sourceTree = "<group>"; };
/* End PBXFileReference section */

/* Begin PBXFrameworksBuildPhase section */
		AB10356913669BE900216FE5 /* Frameworks */ = {
			isa = PBXFrameworksBuildPhase;
			buildActionMask = 2147483647;
			files = (
				AB10357113669BE900216FE5 /* UIKit.framework in Frameworks */,
				AB10357313669BE900216FE5 /* Foundation.framework in Frameworks */,
				AB10357513669BE900216FE5 /* CoreGraphics.framework in Frameworks */,
			);
			runOnlyForDeploymentPostprocessing = 0;
		};
/* End PBXFrameworksBuildPhase section */

/* Begin PBXGroup section */
		AB10356113669BE900216FE5 = {
			isa = PBXGroup;
			children = (
				ABDA50A9136FE06800339835 /* DCIntrospect */,
				AB10358A13669C0100216FE5 /* DCControlsAppDelegate.h */,
				AB10358B13669C0100216FE5 /* DCControlsAppDelegate.m */,
				AB10358D13669C0C00216FE5 /* MainWindow.xib */,
				AB10359313669C1A00216FE5 /* DCKnobDemoViewController.h */,
				AB10359413669C1A00216FE5 /* DCKnobDemoViewController.m */,
				AB10359A13669C1A00216FE5 /* DCKnobDemoViewController.xib */,
				AB10359713669C1A00216FE5 /* DCSliderDemoViewController.h */,
				AB10359813669C1A00216FE5 /* DCSliderDemoViewController.m */,
				AB10359913669C1A00216FE5 /* DCSliderDemoViewController.xib */,
				AB10357713669BE900216FE5 /* Supporting Files */,
				AB10357613669BE900216FE5 /* DCControls */,
				AB10356F13669BE900216FE5 /* Frameworks */,
				AB10356D13669BE900216FE5 /* Products */,
			);
			sourceTree = "<group>";
		};
		AB10356D13669BE900216FE5 /* Products */ = {
			isa = PBXGroup;
			children = (
				AB10356C13669BE900216FE5 /* DCControls.app */,
			);
			name = Products;
			sourceTree = "<group>";
		};
		AB10356F13669BE900216FE5 /* Frameworks */ = {
			isa = PBXGroup;
			children = (
				AB10357013669BE900216FE5 /* UIKit.framework */,
				AB10357213669BE900216FE5 /* Foundation.framework */,
				AB10357413669BE900216FE5 /* CoreGraphics.framework */,
			);
			name = Frameworks;
			sourceTree = "<group>";
		};
		AB10357613669BE900216FE5 /* DCControls */ = {
			isa = PBXGroup;
			children = (
				AB1035AE1366B14D00216FE5 /* DCControl.h */,
				AB1035AF1366B14D00216FE5 /* DCControl.m */,
				AB1035B11366B15700216FE5 /* DCKnob.h */,
				AB1035B21366B15700216FE5 /* DCKnob.m */,
				AB1035B31366B15700216FE5 /* DCSlider.h */,
				AB1035B41366B15700216FE5 /* DCSlider.m */,
			);
			path = DCControls;
			sourceTree = "<group>";
		};
		AB10357713669BE900216FE5 /* Supporting Files */ = {
			isa = PBXGroup;
			children = (
				AB10357813669BE900216FE5 /* DCControls-Info.plist */,
				AB10357913669BE900216FE5 /* InfoPlist.strings */,
				AB10357C13669BE900216FE5 /* DCControls-Prefix.pch */,
				AB10357D13669BE900216FE5 /* main.m */,
			);
			name = "Supporting Files";
			path = DCControls;
			sourceTree = "<group>";
		};
		ABDA50A9136FE06800339835 /* DCIntrospect */ = {
			isa = PBXGroup;
			children = (
				ABDA50AB136FE07C00339835 /* DCCrossHairView.h */,
				ABDA50AC136FE07C00339835 /* DCCrossHairView.m */,
				ABDA50AD136FE07C00339835 /* DCFrameView.h */,
				ABDA50AE136FE07C00339835 /* DCFrameView.m */,
				ABDA50AF136FE07C00339835 /* DCIntrospect.h */,
				ABDA50B0136FE07C00339835 /* DCIntrospect.m */,
				ABDA50B1136FE07C00339835 /* DCIntrospectDefines.h */,
				ABDA50B2136FE07C00339835 /* DCStatusBarOverlay.h */,
				ABDA50B3136FE07C00339835 /* DCStatusBarOverlay.m */,
				ABDA50B4136FE07C00339835 /* DCUIViewSwizzle.h */,
				ABDA50B5136FE07C00339835 /* DCUIViewSwizzle.m */,
			);
			name = DCIntrospect;
			sourceTree = "<group>";
		};
/* End PBXGroup section */

/* Begin PBXNativeTarget section */
		AB10356B13669BE900216FE5 /* DCControls */ = {
			isa = PBXNativeTarget;
			buildConfigurationList = AB10358713669BE900216FE5 /* Build configuration list for PBXNativeTarget "DCControls" */;
			buildPhases = (
				AB10356813669BE900216FE5 /* Sources */,
				AB10356913669BE900216FE5 /* Frameworks */,
				AB10356A13669BE900216FE5 /* Resources */,
			);
			buildRules = (
			);
			dependencies = (
			);
			name = DCControls;
			productName = DCControls;
			productReference = AB10356C13669BE900216FE5 /* DCControls.app */;
			productType = "com.apple.product-type.application";
		};
/* End PBXNativeTarget section */

/* Begin PBXProject section */
		AB10356313669BE900216FE5 /* Project object */ = {
			isa = PBXProject;
			buildConfigurationList = AB10356613669BE900216FE5 /* Build configuration list for PBXProject "DCControls" */;
			compatibilityVersion = "Xcode 3.2";
			developmentRegion = English;
			hasScannedForEncodings = 0;
			knownRegions = (
				en,
			);
			mainGroup = AB10356113669BE900216FE5;
			productRefGroup = AB10356D13669BE900216FE5 /* Products */;
			projectDirPath = "";
			projectRoot = "";
			targets = (
				AB10356B13669BE900216FE5 /* DCControls */,
			);
		};
/* End PBXProject section */

/* Begin PBXResourcesBuildPhase section */
		AB10356A13669BE900216FE5 /* Resources */ = {
			isa = PBXResourcesBuildPhase;
			buildActionMask = 2147483647;
			files = (
				AB10357B13669BE900216FE5 /* InfoPlist.strings in Resources */,
				AB10358E13669C0C00216FE5 /* MainWindow.xib in Resources */,
				AB1035A013669C1A00216FE5 /* DCSliderDemoViewController.xib in Resources */,
				AB1035A113669C1A00216FE5 /* DCKnobDemoViewController.xib in Resources */,
			);
			runOnlyForDeploymentPostprocessing = 0;
		};
/* End PBXResourcesBuildPhase section */

/* Begin PBXSourcesBuildPhase section */
		AB10356813669BE900216FE5 /* Sources */ = {
			isa = PBXSourcesBuildPhase;
			buildActionMask = 2147483647;
			files = (
				AB10357E13669BE900216FE5 /* main.m in Sources */,
				AB10358C13669C0100216FE5 /* DCControlsAppDelegate.m in Sources */,
				AB10359D13669C1A00216FE5 /* DCKnobDemoViewController.m in Sources */,
				AB10359F13669C1A00216FE5 /* DCSliderDemoViewController.m in Sources */,
				AB1035B01366B14D00216FE5 /* DCControl.m in Sources */,
				AB1035B51366B15700216FE5 /* DCKnob.m in Sources */,
				AB1035B61366B15700216FE5 /* DCSlider.m in Sources */,
				ABDA50B6136FE07C00339835 /* DCCrossHairView.m in Sources */,
				ABDA50B7136FE07C00339835 /* DCFrameView.m in Sources */,
				ABDA50B8136FE07C00339835 /* DCIntrospect.m in Sources */,
				ABDA50B9136FE07C00339835 /* DCStatusBarOverlay.m in Sources */,
				ABDA50BA136FE07C00339835 /* DCUIViewSwizzle.m in Sources */,
			);
			runOnlyForDeploymentPostprocessing = 0;
		};
/* End PBXSourcesBuildPhase section */

/* Begin PBXVariantGroup section */
		AB10357913669BE900216FE5 /* InfoPlist.strings */ = {
			isa = PBXVariantGroup;
			children = (
				AB10357A13669BE900216FE5 /* en */,
			);
			name = InfoPlist.strings;
			sourceTree = "<group>";
		};
/* End PBXVariantGroup section */

/* Begin XCBuildConfiguration section */
		AB10358513669BE900216FE5 /* Debug */ = {
			isa = XCBuildConfiguration;
			buildSettings = {
				ARCHS = "$(ARCHS_STANDARD_32_BIT)";
				"CODE_SIGN_IDENTITY[sdk=iphoneos*]" = "iPhone Developer";
				GCC_C_LANGUAGE_STANDARD = gnu99;
				GCC_OPTIMIZATION_LEVEL = 0;
				GCC_PREPROCESSOR_DEFINITIONS = DEBUG;
				GCC_SYMBOLS_PRIVATE_EXTERN = NO;
				GCC_VERSION = com.apple.compilers.llvmgcc42;
				GCC_WARN_ABOUT_RETURN_TYPE = YES;
				GCC_WARN_UNUSED_VARIABLE = YES;
				IPHONEOS_DEPLOYMENT_TARGET = 4.3;
				RUN_CLANG_STATIC_ANALYZER = NO;
				SDKROOT = iphoneos;
			};
			name = Debug;
		};
		AB10358613669BE900216FE5 /* Release */ = {
			isa = XCBuildConfiguration;
			buildSettings = {
				ARCHS = "$(ARCHS_STANDARD_32_BIT)";
				"CODE_SIGN_IDENTITY[sdk=iphoneos*]" = "iPhone Developer";
				GCC_C_LANGUAGE_STANDARD = gnu99;
				GCC_VERSION = com.apple.compilers.llvmgcc42;
				GCC_WARN_ABOUT_RETURN_TYPE = YES;
				GCC_WARN_UNUSED_VARIABLE = YES;
				IPHONEOS_DEPLOYMENT_TARGET = 4.3;
				OTHER_CFLAGS = "-DNS_BLOCK_ASSERTIONS=1";
				RUN_CLANG_STATIC_ANALYZER = NO;
				SDKROOT = iphoneos;
			};
			name = Release;
		};
		AB10358813669BE900216FE5 /* Debug */ = {
			isa = XCBuildConfiguration;
			buildSettings = {
				ALWAYS_SEARCH_USER_PATHS = NO;
				COPY_PHASE_STRIP = NO;
				GCC_DYNAMIC_NO_PIC = NO;
				GCC_PRECOMPILE_PREFIX_HEADER = YES;
				GCC_PREFIX_HEADER = "DCControls/DCControls-Prefix.pch";
				INFOPLIST_FILE = "DCControls/DCControls-Info.plist";
				PRODUCT_NAME = "$(TARGET_NAME)";
				WRAPPER_EXTENSION = app;
			};
			name = Debug;
		};
		AB10358913669BE900216FE5 /* Release */ = {
			isa = XCBuildConfiguration;
			buildSettings = {
				ALWAYS_SEARCH_USER_PATHS = NO;
				COPY_PHASE_STRIP = YES;
				GCC_PRECOMPILE_PREFIX_HEADER = YES;
				GCC_PREFIX_HEADER = "DCControls/DCControls-Prefix.pch";
				INFOPLIST_FILE = "DCControls/DCControls-Info.plist";
				PRODUCT_NAME = "$(TARGET_NAME)";
				VALIDATE_PRODUCT = YES;
				WRAPPER_EXTENSION = app;
			};
			name = Release;
		};
/* End XCBuildConfiguration section */

/* Begin XCConfigurationList section */
		AB10356613669BE900216FE5 /* Build configuration list for PBXProject "DCControls" */ = {
			isa = XCConfigurationList;
			buildConfigurations = (
				AB10358513669BE900216FE5 /* Debug */,
				AB10358613669BE900216FE5 /* Release */,
			);
			defaultConfigurationIsVisible = 0;
			defaultConfigurationName = Release;
		};
		AB10358713669BE900216FE5 /* Build configuration list for PBXNativeTarget "DCControls" */ = {
			isa = XCConfigurationList;
			buildConfigurations = (
				AB10358813669BE900216FE5 /* Debug */,
				AB10358913669BE900216FE5 /* Release */,
			);
			defaultConfigurationIsVisible = 0;
			defaultConfigurationName = Release;
		};
/* End XCConfigurationList section */
	};
	rootObject = AB10356313669BE900216FE5 /* Project object */;
}
